
Microsoft Visual Studio Solution File, Format Version 12.00
# Visual Studio Version 16
VisualStudioVersion = 16.0.29728.190
MinimumVisualStudioVersion = 10.0.40219.1
Project("{FAE04EC0-301F-11D3-BF4B-00C04F79EFBC}") = "ConsoleApp2", "ConsoleApp2\ConsoleApp2.csproj", "{D9A8B2EA-9409-4733-BFEF-17506B63E37D}"
EndProject
Global
	GlobalSection(SolutionConfigurationPlatforms) = preSolution
		Debug|Any CPU = Debug|Any CPU
		Release|Any CPU = Release|Any CPU
	EndGlobalSection
	GlobalSection(ProjectConfigurationPlatforms) = postSolution
		{D9A8B2EA-9409-4733-BFEF-17506B63E37D}.Debug|Any CPU.ActiveCfg = Debug|Any CPU
		{D9A8B2EA-9409-4733-BFEF-17506B63E37D}.Debug|Any CPU.Build.0 = Debug|Any CPU
		{D9A8B2EA-9409-4733-BFEF-17506B63E37D}.Release|Any CPU.ActiveCfg = Release|Any CPU
		{D9A8B2EA-9409-4733-BFEF-17506B63E37D}.Release|Any CPU.Build.0 = Release|Any CPU
	EndGlobalSection
	GlobalSection(SolutionProperties) = preSolution
		HideSolutionNode = FALSE
	EndGlobalSection
	GlobalSection(ExtensibilityGlobals) = postSolution
		SolutionGuid = {31CA19E5-963F-4039-8736-19A38D094C60}
	EndGlobalSection
EndGlobal
